github.com/MadAppGang/httplog v1.3.0 h1:1XU54TO8kiqTeO+7oZLKAM3RP/cJ7SadzslRcKspVHo=
github.com/MadAppGang/httplog v1.3.0/go.mod h1:gpYEdkjh/Cda6YxtDy4AB7KY+fR7mb3SqBZw74A5hJ4=
github.com/PuerkitoBio/purell v1.2.0 h1:/Jdm5QfyM8zdlqT6WVZU4cfP23sot6CEHA4CS49Ezig=
github.com/PuerkitoBio/purell v1.2.0/go.mod h1:OhLRTaaIzhvIyofkJfB24gokC7tM42Px5UhoT32THBk=
github.com/THREATINT/go-net v1.2.34 h1:1h8Stpgdmz5c1rnmXT3ZV6AKCkH2svhzpc4o05Ax13I=
github.com/THREATINT/go-net v1.2.34/go.mod h1:PUMEYNgkGAcvL70i58ZvMF9ZKh2+adFgh0Lxefv33kg=
github.com/TylerBrock/colorjson v0.0.0-20200706003622-8a50f05110d2 h1:ZBbLwSJqkHBuFDA6DUhhse0IGJ7T5bemHyNILUjvOq4=
github.com/TylerBrock/colorjson v0.0.0-20200706003622-8a50f05110d2/go.mod h1:VSw57q4QFiWDbRnjdX8Cb3Ow0SFncRw+bA/ofY6Q83w=
github.com/davecgh/go-spew v1.1.1 h1:vj9j/u1bqnvCEfJOwUhtlOARqs3+rkHYY13jYWTU97c=
github.com/davecgh/go-spew v1.1.1/go.mod h1:J7Y8YcW2NihsgmVo/mv3lAwl/skON4iLHjSsI+c5H38=
github.com/fatih/color v1.15.0 h1:kOqh6YHBtK8aywxGerMG2Eq3H6Qgoqeo13Bk2Mv/nBs=
github.com/fatih/color v1.15.0/go.mod h1:0h5ZqXfHYED7Bhv2ZJamyIOUej9KtShiJESRwBDUSsw=
github.com/hokaccha/go-prettyjson v0.0.0-20211117102719-0474bc63780f h1:7LYC+Yfkj3CTRcShK0KOL/w6iTiKyqqBA9a41Wnggw8=
github.com/hokaccha/go-prettyjson v0.0.0-20211117102719-0474bc63780f/go.mod h1:pFlLw2CfqZiIBOx6BuCeRLCrfxBJipTY0nIOF/VbGcI=
github.com/mattn/go-colorable v0.1.13 h1:fFA4WZxdEF4tXPZVKMLwD8oUnCTTo08duU7wxecdEvA=
github.com/mattn/go-colorable v0.1.13/go.mod h1:7S9/ev0klgBDR4GtXTXX8a3vIGJpMovkB8vQcUbaXHg=
github.com/mattn/go-isatty v0.0.16/go.mod h1:kYGgaQfpe5nmfYZH+SKPsOc2e4SrIfOl2e/yFXSvRLM=
github.com/mattn/go-isatty v0.0.19 h1:JITubQf0MOLdlGRuRq+jtsDlekdYPia9ZFsB8h/APPA=
github.com/mattn/go-isatty v0.0.19/go.mod h1:W+V8PltTTMOvKvAeJH7IuucS94S2C6jfK/D7dTCTo3Y=
github.com/pmezard/go-difflib v1.0.0 h1:4DBwDE0NGyQoBHbLQYPwSUPoCMWR5BEzIk/f1lZbAQM=
github.com/pmezard/go-difflib v1.0.0/go.mod h1:iKH77koFhYxTK1pcRnkKkqfTogsbg7gZNVY4sRDYZ/4=
github.com/stretchr/testify v1.8.1 h1:w7B6lhMri9wdJUVmEZPGGhZzrYTPvgJArz7wNPgYKsk=
github.com/stretchr/testify v1.8.1/go.mod h1:w2LPCIKwWwSfY2zedu0+kehJoqGctiVI29o6fzry7u4=
go.acim.net/hcdns v0.0.4 h1:4CNemMgG18y1mjBketDRYwsLr9dzw/7DwgDVAfDZyrc=
go.acim.net/hcdns v0.0.4/go.mod h1:OTjKIlUoi7OM5EkiAs1cRq5jgWDLHND6A2q0bQLWDOE=
golang.org/x/net v0.17.0 h1:pVaXccu2ozPjCXewfr1S7xza/zcXTity9cCdXQYSjIM=
golang.org/x/net v0.17.0/go.mod h1:NxSsAGuq816PNPmqtQdLE42eU2Fs7NoRIZrHJAlaCOE=
golang.org/x/sys v0.0.0-20220811171246-fbc7d0a398ab/go.mod h1:oPkhp1MJrh7nUepCBck5+mAzfO9JrbApNNgaTdGDITg=
golang.org/x/sys v0.6.0/go.mod h1:oPkhp1MJrh7nUepCBck5+mAzfO9JrbApNNgaTdGDITg=
golang.org/x/sys v0.13.0 h1:Af8nKPmuFypiUBjVoU9V20FiaFXOcuZI21p0ycVYYGE=
golang.org/x/sys v0.13.0/go.mod h1:oPkhp1MJrh7nUepCBck5+mAzfO9JrbApNNgaTdGDITg=
golang.org/x/text v0.13.0 h1:ablQoSUd0tRdKxZewP80B+BaqeKJuVhuRxj/dkrun3k=
golang.org/x/text v0.13.0/go.mod h1:TvPlkZtksWOMsz7fbANvkp4WM8x/WCo/om8BMLbz+aE=
gopkg.in/yaml.v3 v3.0.1 h1:fxVm/GzAzEWqLHuvctI91KS9hhNmmWOoWu0XTYJS7CA=
gopkg.in/yaml.v3 v3.0.1/go.mod h1:K4uyk7z7BCEPqu6E+C64Yfv1cQ7kz7rIZviUmN+EgEM=
